
Microsoft Visual Studio Solution File, Format Version 12.00
# Visual Studio Version 17
VisualStudioVersion = 17.11.34909.67
MinimumVisualStudioVersion = 10.0.40219.1
Project("{9A19103F-16F7-4668-BE54-9A1E7A4F7556}") = "EFCoreSample", "ConsoleApp2\EFCoreSample.csproj", "{5309EA18-B4EA-4EDF-8065-1BBAAA761B48}"
EndProject
Global
	GlobalSection(SolutionConfigurationPlatforms) = preSolution
		Debug|Any CPU = Debug|Any CPU
		Release|Any CPU = Release|Any CPU
	EndGlobalSection
	GlobalSection(ProjectConfigurationPlatforms) = postSolution
		{5309EA18-B4EA-4EDF-8065-1BBAAA761B48}.Debug|Any CPU.ActiveCfg = Debug|Any CPU
		{5309EA18-B4EA-4EDF-8065-1BBAAA761B48}.Debug|Any CPU.Build.0 = Debug|Any CPU
		{5309EA18-B4EA-4EDF-8065-1BBAAA761B48}.Release|Any CPU.ActiveCfg = Release|Any CPU
		{5309EA18-B4EA-4EDF-8065-1BBAAA761B48}.Release|Any CPU.Build.0 = Release|Any CPU
	EndGlobalSection
	GlobalSection(SolutionProperties) = preSolution
		HideSolutionNode = FALSE
	EndGlobalSection
EndGlobal
